
Microsoft Visual Studio Solution File, Format Version 12.00
Project("{FAE04EC0-301F-11D3-BF4B-00C04F79EFBC}") = "post_call", "post_call\post_call.csproj", "{D0ED6D58-CD36-4540-8C0B-7871C8215D97}"
EndProject
Global
	GlobalSection(SolutionConfigurationPlatforms) = preSolution
		Debug|Any CPU = Debug|Any CPU
		Release|Any CPU = Release|Any CPU
	EndGlobalSection
	GlobalSection(ProjectConfigurationPlatforms) = postSolution
		{D0ED6D58-CD36-4540-8C0B-7871C8215D97}.Debug|Any CPU.ActiveCfg = Debug|Any CPU
		{D0ED6D58-CD36-4540-8C0B-7871C8215D97}.Debug|Any CPU.Build.0 = Debug|Any CPU
		{D0ED6D58-CD36-4540-8C0B-7871C8215D97}.Release|Any CPU.ActiveCfg = Release|Any CPU
		{D0ED6D58-CD36-4540-8C0B-7871C8215D97}.Release|Any CPU.Build.0 = Release|Any CPU
	EndGlobalSection
EndGlobal
